
Microsoft Visual Studio Solution File, Format Version 12.00
# Visual Studio 15
Project("{FAE04EC0-301F-11D3-BF4B-00C04F79EFBC}") = "Assembly-CSharp", "Assembly-CSharp.csproj", "{8CEB21C9-29B3-987E-EF51-FB9066514C2D}"
EndProject
Project("{FAE04EC0-301F-11D3-BF4B-00C04F79EFBC}") = "CFXRRuntime", "CFXRRuntime.csproj", "{F9120241-F715-1AAD-2B5D-2FF60A952125}"
EndProject
Project("{FAE04EC0-301F-11D3-BF4B-00C04F79EFBC}") = "CFXRDemo", "CFXRDemo.csproj", "{0768043B-EE8F-F5C6-6CDA-77D905B0BD01}"
EndProject
Project("{FAE04EC0-301F-11D3-BF4B-00C04F79EFBC}") = "KinoBloom.Runtime", "KinoBloom.Runtime.csproj", "{F3F4D877-6097-A1EF-62D8-99F4C8F59CD1}"
EndProject
Project("{FAE04EC0-301F-11D3-BF4B-00C04F79EFBC}") = "CFXR.WelcomeScreen", "CFXR.WelcomeScreen.csproj", "{0A7F5048-E807-D2B2-78E9-BD8DDDFE7FEB}"
EndProject
Project("{FAE04EC0-301F-11D3-BF4B-00C04F79EFBC}") = "CFXREditor", "CFXREditor.csproj", "{A9609731-203E-C02B-2FBD-CED3FE4ED8F4}"
EndProject
Project("{FAE04EC0-301F-11D3-BF4B-00C04F79EFBC}") = "ToonyColorsPro.Demo.Editor", "ToonyColorsPro.Demo.Editor.csproj", "{50D5AF8A-9950-656C-70F1-63A3657326DB}"
EndProject
Global
	GlobalSection(SolutionConfigurationPlatforms) = preSolution
		Debug|Any CPU = Debug|Any CPU
		Release|Any CPU = Release|Any CPU
	EndGlobalSection
	GlobalSection(ProjectConfigurationPlatforms) = postSolution
		{8CEB21C9-29B3-987E-EF51-FB9066514C2D}.Debug|Any CPU.ActiveCfg = Debug|Any CPU
		{8CEB21C9-29B3-987E-EF51-FB9066514C2D}.Debug|Any CPU.Build.0 = Debug|Any CPU
		{8CEB21C9-29B3-987E-EF51-FB9066514C2D}.Release|Any CPU.ActiveCfg = Release|Any CPU
		{8CEB21C9-29B3-987E-EF51-FB9066514C2D}.Release|Any CPU.Build.0 = Release|Any CPU
		{F9120241-F715-1AAD-2B5D-2FF60A952125}.Debug|Any CPU.ActiveCfg = Debug|Any CPU
		{F9120241-F715-1AAD-2B5D-2FF60A952125}.Debug|Any CPU.Build.0 = Debug|Any CPU
		{F9120241-F715-1AAD-2B5D-2FF60A952125}.Release|Any CPU.ActiveCfg = Release|Any CPU
		{F9120241-F715-1AAD-2B5D-2FF60A952125}.Release|Any CPU.Build.0 = Release|Any CPU
		{0768043B-EE8F-F5C6-6CDA-77D905B0BD01}.Debug|Any CPU.ActiveCfg = Debug|Any CPU
		{0768043B-EE8F-F5C6-6CDA-77D905B0BD01}.Debug|Any CPU.Build.0 = Debug|Any CPU
		{0768043B-EE8F-F5C6-6CDA-77D905B0BD01}.Release|Any CPU.ActiveCfg = Release|Any CPU
		{0768043B-EE8F-F5C6-6CDA-77D905B0BD01}.Release|Any CPU.Build.0 = Release|Any CPU
		{F3F4D877-6097-A1EF-62D8-99F4C8F59CD1}.Debug|Any CPU.ActiveCfg = Debug|Any CPU
		{F3F4D877-6097-A1EF-62D8-99F4C8F59CD1}.Debug|Any CPU.Build.0 = Debug|Any CPU
		{F3F4D877-6097-A1EF-62D8-99F4C8F59CD1}.Release|Any CPU.ActiveCfg = Release|Any CPU
		{F3F4D877-6097-A1EF-62D8-99F4C8F59CD1}.Release|Any CPU.Build.0 = Release|Any CPU
		{0A7F5048-E807-D2B2-78E9-BD8DDDFE7FEB}.Debug|Any CPU.ActiveCfg = Debug|Any CPU
		{0A7F5048-E807-D2B2-78E9-BD8DDDFE7FEB}.Debug|Any CPU.Build.0 = Debug|Any CPU
		{0A7F5048-E807-D2B2-78E9-BD8DDDFE7FEB}.Release|Any CPU.ActiveCfg = Release|Any CPU
		{0A7F5048-E807-D2B2-78E9-BD8DDDFE7FEB}.Release|Any CPU.Build.0 = Release|Any CPU
		{A9609731-203E-C02B-2FBD-CED3FE4ED8F4}.Debug|Any CPU.ActiveCfg = Debug|Any CPU
		{A9609731-203E-C02B-2FBD-CED3FE4ED8F4}.Debug|Any CPU.Build.0 = Debug|Any CPU
		{A9609731-203E-C02B-2FBD-CED3FE4ED8F4}.Release|Any CPU.ActiveCfg = Release|Any CPU
		{A9609731-203E-C02B-2FBD-CED3FE4ED8F4}.Release|Any CPU.Build.0 = Release|Any CPU
		{50D5AF8A-9950-656C-70F1-63A3657326DB}.Debug|Any CPU.ActiveCfg = Debug|Any CPU
		{50D5AF8A-9950-656C-70F1-63A3657326DB}.Debug|Any CPU.Build.0 = Debug|Any CPU
		{50D5AF8A-9950-656C-70F1-63A3657326DB}.Release|Any CPU.ActiveCfg = Release|Any CPU
		{50D5AF8A-9950-656C-70F1-63A3657326DB}.Release|Any CPU.Build.0 = Release|Any CPU
	EndGlobalSection
	GlobalSection(SolutionProperties) = preSolution
		HideSolutionNode = FALSE
	EndGlobalSection
EndGlobal
